// !$*UTF8*$!
{
	archiveVersion = 1;
	classes = {
	};
	objectVersion = 46;
	objects = {

/* Begin PBXBuildFile section */
		3C17E2191102334EBB112E06 /* Pods_CharityCache.framework in Frameworks */ = {isa = PBXBuildFile; fileRef = 0106A2DF9C627EEB1D06654C /* Pods_CharityCache.framework */; };
		530ACCAD1DE01D9F005C655A /* AppDelegate.swift in Sources */ = {isa = PBXBuildFile; fileRef = 530ACCAC1DE01D9F005C655A /* AppDelegate.swift */; };
		530ACCAF1DE01D9F005C655A /* ViewController.swift in Sources */ = {isa = PBXBuildFile; fileRef = 530ACCAE1DE01D9F005C655A /* ViewController.swift */; };
		530ACCB21DE01D9F005C655A /* Main.storyboard in Resources */ = {isa = PBXBuildFile; fileRef = 530ACCB01DE01D9F005C655A /* Main.storyboard */; };
		530ACCB51DE01D9F005C655A /* CharityCache.xcdatamodeld in Sources */ = {isa = PBXBuildFile; fileRef = 530ACCB31DE01D9F005C655A /* CharityCache.xcdatamodeld */; };
		530ACCB71DE01D9F005C655A /* Assets.xcassets in Resources */ = {isa = PBXBuildFile; fileRef = 530ACCB61DE01D9F005C655A /* Assets.xcassets */; };
		530ACCBA1DE01D9F005C655A /* LaunchScreen.storyboard in Resources */ = {isa = PBXBuildFile; fileRef = 530ACCB81DE01D9F005C655A /* LaunchScreen.storyboard */; };
/* End PBXBuildFile section */

/* Begin PBXFileReference section */
		0106A2DF9C627EEB1D06654C /* Pods_CharityCache.framework */ = {isa = PBXFileReference; explicitFileType = wrapper.framework; includeInIndex = 0; path = Pods_CharityCache.framework; sourceTree = BUILT_PRODUCTS_DIR; };
		530ACCA91DE01D9F005C655A /* CharityCache.app */ = {isa = PBXFileReference; explicitFileType = wrapper.application; includeInIndex = 0; path = CharityCache.app; sourceTree = BUILT_PRODUCTS_DIR; };
		530ACCAC1DE01D9F005C655A /* AppDelegate.swift */ = {isa = PBXFileReference; lastKnownFileType = sourcecode.swift; path = AppDelegate.swift; sourceTree = "<group>"; };
		530ACCAE1DE01D9F005C655A /* ViewController.swift */ = {isa = PBXFileReference; lastKnownFileType = sourcecode.swift; path = ViewController.swift; sourceTree = "<group>"; };
		530ACCB11DE01D9F005C655A /* Base */ = {isa = PBXFileReference; lastKnownFileType = file.storyboard; name = Base; path = Base.lproj/Main.storyboard; sourceTree = "<group>"; };
		530ACCB41DE01D9F005C655A /* CharityCache.xcdatamodel */ = {isa = PBXFileReference; lastKnownFileType = wrapper.xcdatamodel; path = CharityCache.xcdatamodel; sourceTree = "<group>"; };
		530ACCB61DE01D9F005C655A /* Assets.xcassets */ = {isa = PBXFileReference; lastKnownFileType = folder.assetcatalog; path = Assets.xcassets; sourceTree = "<group>"; };
		530ACCB91DE01D9F005C655A /* Base */ = {isa = PBXFileReference; lastKnownFileType = file.storyboard; name = Base; path = Base.lproj/LaunchScreen.storyboard; sourceTree = "<group>"; };
		530ACCBB1DE01D9F005C655A /* Info.plist */ = {isa = PBXFileReference; lastKnownFileType = text.plist.xml; path = Info.plist; sourceTree = "<group>"; };
		6877967891A91735703DC852 /* Pods-CharityCache.release.xcconfig */ = {isa = PBXFileReference; includeInIndex = 1; lastKnownFileType = text.xcconfig; name = "Pods-CharityCache.release.xcconfig"; path = "Pods/Target Support Files/Pods-CharityCache/Pods-CharityCache.release.xcconfig"; sourceTree = "<group>"; };
		E26B565AE7842A62D31483F8 /* Pods-CharityCache.debug.xcconfig */ = {isa = PBXFileReference; includeInIndex = 1; lastKnownFileType = text.xcconfig; name = "Pods-CharityCache.debug.xcconfig"; path = "Pods/Target Support Files/Pods-CharityCache/Pods-CharityCache.debug.xcconfig"; sourceTree = "<group>"; };
/* End PBXFileReference section */

/* Begin PBXFrameworksBuildPhase section */
		530ACCA61DE01D9F005C655A /* Frameworks */ = {
			isa = PBXFrameworksBuildPhase;
			buildActionMask = 2147483647;
			files = (
				3C17E2191102334EBB112E06 /* Pods_CharityCache.framework in Frameworks */,
			);
			runOnlyForDeploymentPostprocessing = 0;
		};
/* End PBXFrameworksBuildPhase section */

/* Begin PBXGroup section */
		530ACCA01DE01D9F005C655A = {
			isa = PBXGroup;
			children = (
				530ACCAB1DE01D9F005C655A /* CharityCache */,
				530ACCAA1DE01D9F005C655A /* Products */,
				B61D2CFF4CEC6579921B29EC /* Pods */,
				8D5D12ED73E6942471B78874 /* Frameworks */,
			);
			sourceTree = "<group>";
		};
		530ACCAA1DE01D9F005C655A /* Products */ = {
			isa = PBXGroup;
			children = (
				530ACCA91DE01D9F005C655A /* CharityCache.app */,
			);
			name = Products;
			sourceTree = "<group>";
		};
		530ACCAB1DE01D9F005C655A /* CharityCache */ = {
			isa = PBXGroup;
			children = (
				530ACCAC1DE01D9F005C655A /* AppDelegate.swift */,
				530ACCAE1DE01D9F005C655A /* ViewController.swift */,
				530ACCB01DE01D9F005C655A /* Main.storyboard */,
				530ACCB61DE01D9F005C655A /* Assets.xcassets */,
				530ACCB81DE01D9F005C655A /* LaunchScreen.storyboard */,
				530ACCBB1DE01D9F005C655A /* Info.plist */,
				530ACCB31DE01D9F005C655A /* CharityCache.xcdatamodeld */,
			);
			path = CharityCache;
			sourceTree = "<group>";
		};
		8D5D12ED73E6942471B78874 /* Frameworks */ = {
			isa = PBXGroup;
			children = (
				0106A2DF9C627EEB1D06654C /* Pods_CharityCache.framework */,
			);
			name = Frameworks;
			sourceTree = "<group>";
		};
		B61D2CFF4CEC6579921B29EC /* Pods */ = {
			isa = PBXGroup;
			children = (
				E26B565AE7842A62D31483F8 /* Pods-CharityCache.debug.xcconfig */,
				6877967891A91735703DC852 /* Pods-CharityCache.release.xcconfig */,
			);
			name = Pods;
			sourceTree = "<group>";
		};
/* End PBXGroup section */

/* Begin PBXNativeTarget section */
		530ACCA81DE01D9F005C655A /* CharityCache */ = {
			isa = PBXNativeTarget;
			buildConfigurationList = 530ACCBE1DE01D9F005C655A /* Build configuration list for PBXNativeTarget "CharityCache" */;
			buildPhases = (
				66480A1CAB7EE4E11C6EE4FA /* [CP] Check Pods Manifest.lock */,
				530ACCA51DE01D9F005C655A /* Sources */,
				530ACCA61DE01D9F005C655A /* Frameworks */,
				530ACCA71DE01D9F005C655A /* Resources */,
				2FFF3E1D75480C2898B6DE14 /* [CP] Embed Pods Frameworks */,
				3090CB6B0A9E3805C1BFD7EC /* [CP] Copy Pods Resources */,
			);
			buildRules = (
			);
			dependencies = (
			);
			name = CharityCache;
			productName = CharityCache;
			productReference = 530ACCA91DE01D9F005C655A /* CharityCache.app */;
			productType = "com.apple.product-type.application";
		};
/* End PBXNativeTarget section */

/* Begin PBXProject section */
		530ACCA11DE01D9F005C655A /* Project object */ = {
			isa = PBXProject;
			attributes = {
				LastSwiftUpdateCheck = 0730;
				LastUpgradeCheck = 0730;
				ORGANIZATIONNAME = CharityCache;
				TargetAttributes = {
					530ACCA81DE01D9F005C655A = {
						CreatedOnToolsVersion = 7.3.1;
					};
				};
			};
			buildConfigurationList = 530ACCA41DE01D9F005C655A /* Build configuration list for PBXProject "CharityCache" */;
			compatibilityVersion = "Xcode 3.2";
			developmentRegion = English;
			hasScannedForEncodings = 0;
			knownRegions = (
				en,
				Base,
			);
			mainGroup = 530ACCA01DE01D9F005C655A;
			productRefGroup = 530ACCAA1DE01D9F005C655A /* Products */;
			projectDirPath = "";
			projectRoot = "";
			targets = (
				530ACCA81DE01D9F005C655A /* CharityCache */,
			);
		};
/* End PBXProject section */

/* Begin PBXResourcesBuildPhase section */
		530ACCA71DE01D9F005C655A /* Resources */ = {
			isa = PBXResourcesBuildPhase;
			buildActionMask = 2147483647;
			files = (
				530ACCBA1DE01D9F005C655A /* LaunchScreen.storyboard in Resources */,
				530ACCB71DE01D9F005C655A /* Assets.xcassets in Resources */,
				530ACCB21DE01D9F005C655A /* Main.storyboard in Resources */,
			);
			runOnlyForDeploymentPostprocessing = 0;
		};
/* End PBXResourcesBuildPhase section */

/* Begin PBXShellScriptBuildPhase section */
		2FFF3E1D75480C2898B6DE14 /* [CP] Embed Pods Frameworks */ = {
			isa = PBXShellScriptBuildPhase;
			buildActionMask = 2147483647;
			files = (
			);
			inputPaths = (
			);
			name = "[CP] Embed Pods Frameworks";
			outputPaths = (
			);
			runOnlyForDeploymentPostprocessing = 0;
			shellPath = /bin/sh;
			shellScript = "\"${SRCROOT}/Pods/Target Support Files/Pods-CharityCache/Pods-CharityCache-frameworks.sh\"\n";
			showEnvVarsInLog = 0;
		};
		3090CB6B0A9E3805C1BFD7EC /* [CP] Copy Pods Resources */ = {
			isa = PBXShellScriptBuildPhase;
			buildActionMask = 2147483647;
			files = (
			);
			inputPaths = (
			);
			name = "[CP] Copy Pods Resources";
			outputPaths = (
			);
			runOnlyForDeploymentPostprocessing = 0;
			shellPath = /bin/sh;
			shellScript = "\"${SRCROOT}/Pods/Target Support Files/Pods-CharityCache/Pods-CharityCache-resources.sh\"\n";
			showEnvVarsInLog = 0;
		};
		66480A1CAB7EE4E11C6EE4FA /* [CP] Check Pods Manifest.lock */ = {
			isa = PBXShellScriptBuildPhase;
			buildActionMask = 2147483647;
			files = (
			);
			inputPaths = (
			);
			name = "[CP] Check Pods Manifest.lock";
			outputPaths = (
			);
			runOnlyForDeploymentPostprocessing = 0;
			shellPath = /bin/sh;
			shellScript = "diff \"${PODS_ROOT}/../Podfile.lock\" \"${PODS_ROOT}/Manifest.lock\" > /dev/null\nif [ $? != 0 ] ; then\n    # print error to STDERR\n    echo \"error: The sandbox is not in sync with the Podfile.lock. Run 'pod install' or update your CocoaPods installation.\" >&2\n    exit 1\nfi\n";
			showEnvVarsInLog = 0;
		};
/* End PBXShellScriptBuildPhase section */

/* Begin PBXSourcesBuildPhase section */
		530ACCA51DE01D9F005C655A /* Sources */ = {
			isa = PBXSourcesBuildPhase;
			buildActionMask = 2147483647;
			files = (
				530ACCB51DE01D9F005C655A /* CharityCache.xcdatamodeld in Sources */,
				530ACCAF1DE01D9F005C655A /* ViewController.swift in Sources */,
				530ACCAD1DE01D9F005C655A /* AppDelegate.swift in Sources */,
			);
			runOnlyForDeploymentPostprocessing = 0;
		};
/* End PBXSourcesBuildPhase section */

/* Begin PBXVariantGroup section */
		530ACCB01DE01D9F005C655A /* Main.storyboard */ = {
			isa = PBXVariantGroup;
			children = (
				530ACCB11DE01D9F005C655A /* Base */,
			);
			name = Main.storyboard;
			sourceTree = "<group>";
		};
		530ACCB81DE01D9F005C655A /* LaunchScreen.storyboard */ = {
			isa = PBXVariantGroup;
			children = (
				530ACCB91DE01D9F005C655A /* Base */,
			);
			name = LaunchScreen.storyboard;
			sourceTree = "<group>";
		};
/* End PBXVariantGroup section */

/* Begin XCBuildConfiguration section */
		530ACCBC1DE01D9F005C655A /* Debug */ = {
			isa = XCBuildConfiguration;
			buildSettings = {
				ALWAYS_SEARCH_USER_PATHS = NO;
				CLANG_ANALYZER_NONNULL = YES;
				CLANG_CXX_LANGUAGE_STANDARD = "gnu++0x";
				CLANG_CXX_LIBRARY = "libc++";
				CLANG_ENABLE_MODULES = YES;
				CLANG_ENABLE_OBJC_ARC = YES;
				CLANG_WARN_BOOL_CONVERSION = YES;
				CLANG_WARN_CONSTANT_CONVERSION = YES;
				CLANG_WARN_DIRECT_OBJC_ISA_USAGE = YES_ERROR;
				CLANG_WARN_EMPTY_BODY = YES;
				CLANG_WARN_ENUM_CONVERSION = YES;
				CLANG_WARN_INT_CONVERSION = YES;
				CLANG_WARN_OBJC_ROOT_CLASS = YES_ERROR;
				CLANG_WARN_UNREACHABLE_CODE = YES;
				CLANG_WARN__DUPLICATE_METHOD_MATCH = YES;
				"CODE_SIGN_IDENTITY[sdk=iphoneos*]" = "iPhone Developer";
				COPY_PHASE_STRIP = NO;
				DEBUG_INFORMATION_FORMAT = dwarf;
				ENABLE_STRICT_OBJC_MSGSEND = YES;
				ENABLE_TESTABILITY = YES;
				GCC_C_LANGUAGE_STANDARD = gnu99;
				GCC_DYNAMIC_NO_PIC = NO;
				GCC_NO_COMMON_BLOCKS = YES;
				GCC_OPTIMIZATION_LEVEL = 0;
				GCC_PREPROCESSOR_DEFINITIONS = (
					"DEBUG=1",
					"$(inherited)",
				);
				GCC_WARN_64_TO_32_BIT_CONVERSION = YES;
				GCC_WARN_ABOUT_RETURN_TYPE = YES_ERROR;
				GCC_WARN_UNDECLARED_SELECTOR = YES;
				GCC_WARN_UNINITIALIZED_AUTOS = YES_AGGRESSIVE;
				GCC_WARN_UNUSED_FUNCTION = YES;
				GCC_WARN_UNUSED_VARIABLE = YES;
				IPHONEOS_DEPLOYMENT_TARGET = 9.3;
				MTL_ENABLE_DEBUG_INFO = YES;
				ONLY_ACTIVE_ARCH = YES;
				SDKROOT = iphoneos;
				SWIFT_OPTIMIZATION_LEVEL = "-Onone";
			};
			name = Debug;
		};
		530ACCBD1DE01D9F005C655A /* Release */ = {
			isa = XCBuildConfiguration;
			buildSettings = {
				ALWAYS_SEARCH_USER_PATHS = NO;
				CLANG_ANALYZER_NONNULL = YES;
				CLANG_CXX_LANGUAGE_STANDARD = "gnu++0x";
				CLANG_CXX_LIBRARY = "libc++";
				CLANG_ENABLE_MODULES = YES;
				CLANG_ENABLE_OBJC_ARC = YES;
				CLANG_WARN_BOOL_CONVERSION = YES;
				CLANG_WARN_CONSTANT_CONVERSION = YES;
				CLANG_WARN_DIRECT_OBJC_ISA_USAGE = YES_ERROR;
				CLANG_WARN_EMPTY_BODY = YES;
				CLANG_WARN_ENUM_CONVERSION = YES;
				CLANG_WARN_INT_CONVERSION = YES;
				CLANG_WARN_OBJC_ROOT_CLASS = YES_ERROR;
				CLANG_WARN_UNREACHABLE_CODE = YES;
				CLANG_WARN__DUPLICATE_METHOD_MATCH = YES;
				"CODE_SIGN_IDENTITY[sdk=iphoneos*]" = "iPhone Developer";
				COPY_PHASE_STRIP = NO;
				DEBUG_INFORMATION_FORMAT = "dwarf-with-dsym";
				ENABLE_NS_ASSERTIONS = NO;
				ENABLE_STRICT_OBJC_MSGSEND = YES;
				GCC_C_LANGUAGE_STANDARD = gnu99;
				GCC_NO_COMMON_BLOCKS = YES;
				GCC_WARN_64_TO_32_BIT_CONVERSION = YES;
				GCC_WARN_ABOUT_RETURN_TYPE = YES_ERROR;
				GCC_WARN_UNDECLARED_SELECTOR = YES;
				GCC_WARN_UNINITIALIZED_AUTOS = YES_AGGRESSIVE;
				GCC_WARN_UNUSED_FUNCTION = YES;
				GCC_WARN_UNUSED_VARIABLE = YES;
				IPHONEOS_DEPLOYMENT_TARGET = 9.3;
				MTL_ENABLE_DEBUG_INFO = NO;
				SDKROOT = iphoneos;
				VALIDATE_PRODUCT = YES;
			};
			name = Release;
		};
		530ACCBF1DE01D9F005C655A /* Debug */ = {
			isa = XCBuildConfiguration;
			baseConfigurationReference = E26B565AE7842A62D31483F8 /* Pods-CharityCache.debug.xcconfig */;
			buildSettings = {
				ASSETCATALOG_COMPILER_APPICON_NAME = AppIcon;
				INFOPLIST_FILE = CharityCache/Info.plist;
				LD_RUNPATH_SEARCH_PATHS = "$(inherited) @executable_path/Frameworks";
				PRODUCT_BUNDLE_IDENTIFIER = com.jbhunt.test.CharityCache;
				PRODUCT_NAME = "$(TARGET_NAME)";
			};
			name = Debug;
		};
		530ACCC01DE01D9F005C655A /* Release */ = {
			isa = XCBuildConfiguration;
			baseConfigurationReference = 6877967891A91735703DC852 /* Pods-CharityCache.release.xcconfig */;
			buildSettings = {
				ASSETCATALOG_COMPILER_APPICON_NAME = AppIcon;
				INFOPLIST_FILE = CharityCache/Info.plist;
				LD_RUNPATH_SEARCH_PATHS = "$(inherited) @executable_path/Frameworks";
				PRODUCT_BUNDLE_IDENTIFIER = com.jbhunt.test.CharityCache;
				PRODUCT_NAME = "$(TARGET_NAME)";
			};
			name = Release;
		};
/* End XCBuildConfiguration section */

/* Begin XCConfigurationList section */
		530ACCA41DE01D9F005C655A /* Build configuration list for PBXProject "CharityCache" */ = {
			isa = XCConfigurationList;
			buildConfigurations = (
				530ACCBC1DE01D9F005C655A /* Debug */,
				530ACCBD1DE01D9F005C655A /* Release */,
			);
			defaultConfigurationIsVisible = 0;
			defaultConfigurationName = Release;
		};
		530ACCBE1DE01D9F005C655A /* Build configuration list for PBXNativeTarget "CharityCache" */ = {
			isa = XCConfigurationList;
			buildConfigurations = (
				530ACCBF1DE01D9F005C655A /* Debug */,
				530ACCC01DE01D9F005C655A /* Release */,
			);
			defaultConfigurationIsVisible = 0;
		};
/* End XCConfigurationList section */

/* Begin XCVersionGroup section */
		530ACCB31DE01D9F005C655A /* CharityCache.xcdatamodeld */ = {
			isa = XCVersionGroup;
			children = (
				530ACCB41DE01D9F005C655A /* CharityCache.xcdatamodel */,
			);
			currentVersion = 530ACCB41DE01D9F005C655A /* CharityCache.xcdatamodel */;
			path = CharityCache.xcdatamodeld;
			sourceTree = "<group>";
			versionGroupType = wrapper.xcdatamodel;
		};
/* End XCVersionGroup section */
	};
	rootObject = 530ACCA11DE01D9F005C655A /* Project object */;
}
